// !$*UTF8*$!
{
	archiveVersion = 1;
	classes = {
	};
	objectVersion = 46;
	objects = {

/* Begin PBXBuildFile section */
		10EE6B0819F3049D005D115B /* main.m in Sources */ = {isa = PBXBuildFile; fileRef = 10EE6B0719F3049D005D115B /* main.m */; };
		10EE6B0B19F3049D005D115B /* AppDelegate.m in Sources */ = {isa = PBXBuildFile; fileRef = 10EE6B0A19F3049D005D115B /* AppDelegate.m */; };
		10EE6B1119F3049D005D115B /* Main.storyboard in Resources */ = {isa = PBXBuildFile; fileRef = 10EE6B0F19F3049D005D115B /* Main.storyboard */; };
		10EE6B1319F3049D005D115B /* Images.xcassets in Resources */ = {isa = PBXBuildFile; fileRef = 10EE6B1219F3049D005D115B /* Images.xcassets */; };
		10EE6B1619F3049D005D115B /* LaunchScreen.xib in Resources */ = {isa = PBXBuildFile; fileRef = 10EE6B1419F3049D005D115B /* LaunchScreen.xib */; };
		10EE6B2219F3049D005D115B /* SMCChallengeSixTests.m in Sources */ = {isa = PBXBuildFile; fileRef = 10EE6B2119F3049D005D115B /* SMCChallengeSixTests.m */; };
		10EE6B2D19F30611005D115B /* SMCChallengeSixTableViewController.m in Sources */ = {isa = PBXBuildFile; fileRef = 10EE6B2C19F30611005D115B /* SMCChallengeSixTableViewController.m */; };
/* End PBXBuildFile section */

/* Begin PBXContainerItemProxy section */
		10EE6B1C19F3049D005D115B /* PBXContainerItemProxy */ = {
			isa = PBXContainerItemProxy;
			containerPortal = 10EE6AFA19F3049D005D115B /* Project object */;
			proxyType = 1;
			remoteGlobalIDString = 10EE6B0119F3049D005D115B;
			remoteInfo = SMCChallengeSix;
		};
/* End PBXContainerItemProxy section */

/* Begin PBXFileReference section */
		10EE6B0219F3049D005D115B /* SMCChallengeSix.app */ = {isa = PBXFileReference; explicitFileType = wrapper.application; includeInIndex = 0; path = SMCChallengeSix.app; sourceTree = BUILT_PRODUCTS_DIR; };
		10EE6B0619F3049D005D115B /* Info.plist */ = {isa = PBXFileReference; lastKnownFileType = text.plist.xml; path = Info.plist; sourceTree = "<group>"; };
		10EE6B0719F3049D005D115B /* main.m */ = {isa = PBXFileReference; lastKnownFileType = sourcecode.c.objc; path = main.m; sourceTree = "<group>"; };
		10EE6B0919F3049D005D115B /* AppDelegate.h */ = {isa = PBXFileReference; lastKnownFileType = sourcecode.c.h; path = AppDelegate.h; sourceTree = "<group>"; };
		10EE6B0A19F3049D005D115B /* AppDelegate.m */ = {isa = PBXFileReference; lastKnownFileType = sourcecode.c.objc; path = AppDelegate.m; sourceTree = "<group>"; };
		10EE6B1019F3049D005D115B /* Base */ = {isa = PBXFileReference; lastKnownFileType = file.storyboard; name = Base; path = Base.lproj/Main.storyboard; sourceTree = "<group>"; };
		10EE6B1219F3049D005D115B /* Images.xcassets */ = {isa = PBXFileReference; lastKnownFileType = folder.assetcatalog; path = Images.xcassets; sourceTree = "<group>"; };
		10EE6B1519F3049D005D115B /* Base */ = {isa = PBXFileReference; lastKnownFileType = file.xib; name = Base; path = Base.lproj/LaunchScreen.xib; sourceTree = "<group>"; };
		10EE6B1B19F3049D005D115B /* SMCChallengeSixTests.xctest */ = {isa = PBXFileReference; explicitFileType = wrapper.cfbundle; includeInIndex = 0; path = SMCChallengeSixTests.xctest; sourceTree = BUILT_PRODUCTS_DIR; };
		10EE6B2019F3049D005D115B /* Info.plist */ = {isa = PBXFileReference; lastKnownFileType = text.plist.xml; path = Info.plist; sourceTree = "<group>"; };
		10EE6B2119F3049D005D115B /* SMCChallengeSixTests.m */ = {isa = PBXFileReference; lastKnownFileType = sourcecode.c.objc; path = SMCChallengeSixTests.m; sourceTree = "<group>"; };
		10EE6B2B19F30611005D115B /* SMCChallengeSixTableViewController.h */ = {isa = PBXFileReference; fileEncoding = 4; lastKnownFileType = sourcecode.c.h; path = SMCChallengeSixTableViewController.h; sourceTree = "<group>"; };
		10EE6B2C19F30611005D115B /* SMCChallengeSixTableViewController.m */ = {isa = PBXFileReference; fileEncoding = 4; lastKnownFileType = sourcecode.c.objc; path = SMCChallengeSixTableViewController.m; sourceTree = "<group>"; };
/* End PBXFileReference section */

/* Begin PBXFrameworksBuildPhase section */
		10EE6AFF19F3049D005D115B /* Frameworks */ = {
			isa = PBXFrameworksBuildPhase;
			buildActionMask = 2147483647;
			files = (
			);
			runOnlyForDeploymentPostprocessing = 0;
		};
		10EE6B1819F3049D005D115B /* Frameworks */ = {
			isa = PBXFrameworksBuildPhase;
			buildActionMask = 2147483647;
			files = (
			);
			runOnlyForDeploymentPostprocessing = 0;
		};
/* End PBXFrameworksBuildPhase section */

/* Begin PBXGroup section */
		10EE6AF919F3049D005D115B = {
			isa = PBXGroup;
			children = (
				10EE6B0419F3049D005D115B /* SMCChallengeSix */,
				10EE6B1E19F3049D005D115B /* SMCChallengeSixTests */,
				10EE6B0319F3049D005D115B /* Products */,
			);
			sourceTree = "<group>";
		};
		10EE6B0319F3049D005D115B /* Products */ = {
			isa = PBXGroup;
			children = (
				10EE6B0219F3049D005D115B /* SMCChallengeSix.app */,
				10EE6B1B19F3049D005D115B /* SMCChallengeSixTests.xctest */,
			);
			name = Products;
			sourceTree = "<group>";
		};
		10EE6B0419F3049D005D115B /* SMCChallengeSix */ = {
			isa = PBXGroup;
			children = (
				10EE6B0919F3049D005D115B /* AppDelegate.h */,
				10EE6B0A19F3049D005D115B /* AppDelegate.m */,
				10EE6B0F19F3049D005D115B /* Main.storyboard */,
				10EE6B2B19F30611005D115B /* SMCChallengeSixTableViewController.h */,
				10EE6B2C19F30611005D115B /* SMCChallengeSixTableViewController.m */,
				10EE6B1219F3049D005D115B /* Images.xcassets */,
				10EE6B1419F3049D005D115B /* LaunchScreen.xib */,
				10EE6B0519F3049D005D115B /* Supporting Files */,
			);
			path = SMCChallengeSix;
			sourceTree = "<group>";
		};
		10EE6B0519F3049D005D115B /* Supporting Files */ = {
			isa = PBXGroup;
			children = (
				10EE6B0619F3049D005D115B /* Info.plist */,
				10EE6B0719F3049D005D115B /* main.m */,
			);
			name = "Supporting Files";
			sourceTree = "<group>";
		};
		10EE6B1E19F3049D005D115B /* SMCChallengeSixTests */ = {
			isa = PBXGroup;
			children = (
				10EE6B2119F3049D005D115B /* SMCChallengeSixTests.m */,
				10EE6B1F19F3049D005D115B /* Supporting Files */,
			);
			path = SMCChallengeSixTests;
			sourceTree = "<group>";
		};
		10EE6B1F19F3049D005D115B /* Supporting Files */ = {
			isa = PBXGroup;
			children = (
				10EE6B2019F3049D005D115B /* Info.plist */,
			);
			name = "Supporting Files";
			sourceTree = "<group>";
		};
/* End PBXGroup section */

/* Begin PBXNativeTarget section */
		10EE6B0119F3049D005D115B /* SMCChallengeSix */ = {
			isa = PBXNativeTarget;
			buildConfigurationList = 10EE6B2519F3049D005D115B /* Build configuration list for PBXNativeTarget "SMCChallengeSix" */;
			buildPhases = (
				10EE6AFE19F3049D005D115B /* Sources */,
				10EE6AFF19F3049D005D115B /* Frameworks */,
				10EE6B0019F3049D005D115B /* Resources */,
			);
			buildRules = (
			);
			dependencies = (
			);
			name = SMCChallengeSix;
			productName = SMCChallengeSix;
			productReference = 10EE6B0219F3049D005D115B /* SMCChallengeSix.app */;
			productType = "com.apple.product-type.application";
		};
		10EE6B1A19F3049D005D115B /* SMCChallengeSixTests */ = {
			isa = PBXNativeTarget;
			buildConfigurationList = 10EE6B2819F3049D005D115B /* Build configuration list for PBXNativeTarget "SMCChallengeSixTests" */;
			buildPhases = (
				10EE6B1719F3049D005D115B /* Sources */,
				10EE6B1819F3049D005D115B /* Frameworks */,
				10EE6B1919F3049D005D115B /* Resources */,
			);
			buildRules = (
			);
			dependencies = (
				10EE6B1D19F3049D005D115B /* PBXTargetDependency */,
			);
			name = SMCChallengeSixTests;
			productName = SMCChallengeSixTests;
			productReference = 10EE6B1B19F3049D005D115B /* SMCChallengeSixTests.xctest */;
			productType = "com.apple.product-type.bundle.unit-test";
		};
/* End PBXNativeTarget section */

/* Begin PBXProject section */
		10EE6AFA19F3049D005D115B /* Project object */ = {
			isa = PBXProject;
			attributes = {
				LastUpgradeCheck = 0600;
				ORGANIZATIONNAME = "Coffee Shop";
				TargetAttributes = {
					10EE6B0119F3049D005D115B = {
						CreatedOnToolsVersion = 6.0.1;
					};
					10EE6B1A19F3049D005D115B = {
						CreatedOnToolsVersion = 6.0.1;
						TestTargetID = 10EE6B0119F3049D005D115B;
					};
				};
			};
			buildConfigurationList = 10EE6AFD19F3049D005D115B /* Build configuration list for PBXProject "SMCChallengeSix" */;
			compatibilityVersion = "Xcode 3.2";
			developmentRegion = English;
			hasScannedForEncodings = 0;
			knownRegions = (
				en,
				Base,
			);
			mainGroup = 10EE6AF919F3049D005D115B;
			productRefGroup = 10EE6B0319F3049D005D115B /* Products */;
			projectDirPath = "";
			projectRoot = "";
			targets = (
				10EE6B0119F3049D005D115B /* SMCChallengeSix */,
				10EE6B1A19F3049D005D115B /* SMCChallengeSixTests */,
			);
		};
/* End PBXProject section */

/* Begin PBXResourcesBuildPhase section */
		10EE6B0019F3049D005D115B /* Resources */ = {
			isa = PBXResourcesBuildPhase;
			buildActionMask = 2147483647;
			files = (
				10EE6B1119F3049D005D115B /* Main.storyboard in Resources */,
				10EE6B1619F3049D005D115B /* LaunchScreen.xib in Resources */,
				10EE6B1319F3049D005D115B /* Images.xcassets in Resources */,
			);
			runOnlyForDeploymentPostprocessing = 0;
		};
		10EE6B1919F3049D005D115B /* Resources */ = {
			isa = PBXResourcesBuildPhase;
			buildActionMask = 2147483647;
			files = (
			);
			runOnlyForDeploymentPostprocessing = 0;
		};
/* End PBXResourcesBuildPhase section */

/* Begin PBXSourcesBuildPhase section */
		10EE6AFE19F3049D005D115B /* Sources */ = {
			isa = PBXSourcesBuildPhase;
			buildActionMask = 2147483647;
			files = (
				10EE6B0B19F3049D005D115B /* AppDelegate.m in Sources */,
				10EE6B0819F3049D005D115B /* main.m in Sources */,
				10EE6B2D19F30611005D115B /* SMCChallengeSixTableViewController.m in Sources */,
			);
			runOnlyForDeploymentPostprocessing = 0;
		};
		10EE6B1719F3049D005D115B /* Sources */ = {
			isa = PBXSourcesBuildPhase;
			buildActionMask = 2147483647;
			files = (
				10EE6B2219F3049D005D115B /* SMCChallengeSixTests.m in Sources */,
			);
			runOnlyForDeploymentPostprocessing = 0;
		};
/* End PBXSourcesBuildPhase section */

/* Begin PBXTargetDependency section */
		10EE6B1D19F3049D005D115B /* PBXTargetDependency */ = {
			isa = PBXTargetDependency;
			target = 10EE6B0119F3049D005D115B /* SMCChallengeSix */;
			targetProxy = 10EE6B1C19F3049D005D115B /* PBXContainerItemProxy */;
		};
/* End PBXTargetDependency section */

/* Begin PBXVariantGroup section */
		10EE6B0F19F3049D005D115B /* Main.storyboard */ = {
			isa = PBXVariantGroup;
			children = (
				10EE6B1019F3049D005D115B /* Base */,
			);
			name = Main.storyboard;
			sourceTree = "<group>";
		};
		10EE6B1419F3049D005D115B /* LaunchScreen.xib */ = {
			isa = PBXVariantGroup;
			children = (
				10EE6B1519F3049D005D115B /* Base */,
			);
			name = LaunchScreen.xib;
			sourceTree = "<group>";
		};
/* End PBXVariantGroup section */

/* Begin XCBuildConfiguration section */
		10EE6B2319F3049D005D115B /* Debug */ = {
			isa = XCBuildConfiguration;
			buildSettings = {
				ALWAYS_SEARCH_USER_PATHS = NO;
				CLANG_CXX_LANGUAGE_STANDARD = "gnu++0x";
				CLANG_CXX_LIBRARY = "libc++";
				CLANG_ENABLE_MODULES = YES;
				CLANG_ENABLE_OBJC_ARC = YES;
				CLANG_WARN_BOOL_CONVERSION = YES;
				CLANG_WARN_CONSTANT_CONVERSION = YES;
				CLANG_WARN_DIRECT_OBJC_ISA_USAGE = YES_ERROR;
				CLANG_WARN_EMPTY_BODY = YES;
				CLANG_WARN_ENUM_CONVERSION = YES;
				CLANG_WARN_INT_CONVERSION = YES;
				CLANG_WARN_OBJC_ROOT_CLASS = YES_ERROR;
				CLANG_WARN_UNREACHABLE_CODE = YES;
				CLANG_WARN__DUPLICATE_METHOD_MATCH = YES;
				"CODE_SIGN_IDENTITY[sdk=iphoneos*]" = "iPhone Developer";
				COPY_PHASE_STRIP = NO;
				ENABLE_STRICT_OBJC_MSGSEND = YES;
				GCC_C_LANGUAGE_STANDARD = gnu99;
				GCC_DYNAMIC_NO_PIC = NO;
				GCC_OPTIMIZATION_LEVEL = 0;
				GCC_PREPROCESSOR_DEFINITIONS = (
					"DEBUG=1",
					"$(inherited)",
				);
				GCC_SYMBOLS_PRIVATE_EXTERN = NO;
				GCC_WARN_64_TO_32_BIT_CONVERSION = YES;
				GCC_WARN_ABOUT_RETURN_TYPE = YES_ERROR;
				GCC_WARN_UNDECLARED_SELECTOR = YES;
				GCC_WARN_UNINITIALIZED_AUTOS = YES_AGGRESSIVE;
				GCC_WARN_UNUSED_FUNCTION = YES;
				GCC_WARN_UNUSED_VARIABLE = YES;
				IPHONEOS_DEPLOYMENT_TARGET = 8.0;
				MTL_ENABLE_DEBUG_INFO = YES;
				ONLY_ACTIVE_ARCH = YES;
				SDKROOT = iphoneos;
			};
			name = Debug;
		};
		10EE6B2419F3049D005D115B /* Release */ = {
			isa = XCBuildConfiguration;
			buildSettings = {
				ALWAYS_SEARCH_USER_PATHS = NO;
				CLANG_CXX_LANGUAGE_STANDARD = "gnu++0x";
				CLANG_CXX_LIBRARY = "libc++";
				CLANG_ENABLE_MODULES = YES;
				CLANG_ENABLE_OBJC_ARC = YES;
				CLANG_WARN_BOOL_CONVERSION = YES;
				CLANG_WARN_CONSTANT_CONVERSION = YES;
				CLANG_WARN_DIRECT_OBJC_ISA_USAGE = YES_ERROR;
				CLANG_WARN_EMPTY_BODY = YES;
				CLANG_WARN_ENUM_CONVERSION = YES;
				CLANG_WARN_INT_CONVERSION = YES;
				CLANG_WARN_OBJC_ROOT_CLASS = YES_ERROR;
				CLANG_WARN_UNREACHABLE_CODE = YES;
				CLANG_WARN__DUPLICATE_METHOD_MATCH = YES;
				"CODE_SIGN_IDENTITY[sdk=iphoneos*]" = "iPhone Developer";
				COPY_PHASE_STRIP = YES;
				ENABLE_NS_ASSERTIONS = NO;
				ENABLE_STRICT_OBJC_MSGSEND = YES;
				GCC_C_LANGUAGE_STANDARD = gnu99;
				GCC_WARN_64_TO_32_BIT_CONVERSION = YES;
				GCC_WARN_ABOUT_RETURN_TYPE = YES_ERROR;
				GCC_WARN_UNDECLARED_SELECTOR = YES;
				GCC_WARN_UNINITIALIZED_AUTOS = YES_AGGRESSIVE;
				GCC_WARN_UNUSED_FUNCTION = YES;
				GCC_WARN_UNUSED_VARIABLE = YES;
				IPHONEOS_DEPLOYMENT_TARGET = 8.0;
				MTL_ENABLE_DEBUG_INFO = NO;
				SDKROOT = iphoneos;
				VALIDATE_PRODUCT = YES;
			};
			name = Release;
		};
		10EE6B2619F3049D005D115B /* Debug */ = {
			isa = XCBuildConfiguration;
			buildSettings = {
				ASSETCATALOG_COMPILER_APPICON_NAME = AppIcon;
				INFOPLIST_FILE = SMCChallengeSix/Info.plist;
				LD_RUNPATH_SEARCH_PATHS = "$(inherited) @executable_path/Frameworks";
				PRODUCT_NAME = "$(TARGET_NAME)";
			};
			name = Debug;
		};
		10EE6B2719F3049D005D115B /* Release */ = {
			isa = XCBuildConfiguration;
			buildSettings = {
				ASSETCATALOG_COMPILER_APPICON_NAME = AppIcon;
				INFOPLIST_FILE = SMCChallengeSix/Info.plist;
				LD_RUNPATH_SEARCH_PATHS = "$(inherited) @executable_path/Frameworks";
				PRODUCT_NAME = "$(TARGET_NAME)";
			};
			name = Release;
		};
		10EE6B2919F3049D005D115B /* Debug */ = {
			isa = XCBuildConfiguration;
			buildSettings = {
				BUNDLE_LOADER = "$(TEST_HOST)";
				FRAMEWORK_SEARCH_PATHS = (
					"$(SDKROOT)/Developer/Library/Frameworks",
					"$(inherited)",
				);
				GCC_PREPROCESSOR_DEFINITIONS = (
					"DEBUG=1",
					"$(inherited)",
				);
				INFOPLIST_FILE = SMCChallengeSixTests/Info.plist;
				LD_RUNPATH_SEARCH_PATHS = "$(inherited) @executable_path/Frameworks @loader_path/Frameworks";
				PRODUCT_NAME = "$(TARGET_NAME)";
				TEST_HOST = "$(BUILT_PRODUCTS_DIR)/SMCChallengeSix.app/SMCChallengeSix";
			};
			name = Debug;
		};
		10EE6B2A19F3049D005D115B /* Release */ = {
			isa = XCBuildConfiguration;
			buildSettings = {
				BUNDLE_LOADER = "$(TEST_HOST)";
				FRAMEWORK_SEARCH_PATHS = (
					"$(SDKROOT)/Developer/Library/Frameworks",
					"$(inherited)",
				);
				INFOPLIST_FILE = SMCChallengeSixTests/Info.plist;
				LD_RUNPATH_SEARCH_PATHS = "$(inherited) @executable_path/Frameworks @loader_path/Frameworks";
				PRODUCT_NAME = "$(TARGET_NAME)";
				TEST_HOST = "$(BUILT_PRODUCTS_DIR)/SMCChallengeSix.app/SMCChallengeSix";
			};
			name = Release;
		};
/* End XCBuildConfiguration section */

/* Begin XCConfigurationList section */
		10EE6AFD19F3049D005D115B /* Build configuration list for PBXProject "SMCChallengeSix" */ = {
			isa = XCConfigurationList;
			buildConfigurations = (
				10EE6B2319F3049D005D115B /* Debug */,
				10EE6B2419F3049D005D115B /* Release */,
			);
			defaultConfigurationIsVisible = 0;
			defaultConfigurationName = Release;
		};
		10EE6B2519F3049D005D115B /* Build configuration list for PBXNativeTarget "SMCChallengeSix" */ = {
			isa = XCConfigurationList;
			buildConfigurations = (
				10EE6B2619F3049D005D115B /* Debug */,
				10EE6B2719F3049D005D115B /* Release */,
			);
			defaultConfigurationIsVisible = 0;
		};
		10EE6B2819F3049D005D115B /* Build configuration list for PBXNativeTarget "SMCChallengeSixTests" */ = {
			isa = XCConfigurationList;
			buildConfigurations = (
				10EE6B2919F3049D005D115B /* Debug */,
				10EE6B2A19F3049D005D115B /* Release */,
			);
			defaultConfigurationIsVisible = 0;
		};
/* End XCConfigurationList section */
	};
	rootObject = 10EE6AFA19F3049D005D115B /* Project object */;
}
